github.com/couchbase/ghistogram v0.0.0 h1:NFnZziKRgasWhNaIB4h3C4sTVV86+mY4I37goTZh9yM=
github.com/couchbase/ghistogram v0.0.0/go.mod h1:s1Jhy76zqfEecpNWJfWUiKZookAFaiGOEoyzgHt9i7k=
github.com/edsrzf/mmap-go v1.0.0 h1:CEBF7HpRnUCSJgGUb5h1Gm7e3VkmVDrR8lvWVLtrOFw=
github.com/edsrzf/mmap-go v1.0.0/go.mod h1:YO35OhQPt3KJa3ryjFM5Bs14WD66h8eGKpfaBNrHW5M=
github.com/mschoch/smat v0.0.0-20160514031455-90eadee771ae h1:VeRdUYdCw49yizlSbMEn2SZ+gT+3IUKx8BqxyQdz+BY=
github.com/mschoch/smat v0.0.0-20160514031455-90eadee771ae/go.mod h1:qAyveg+e4CE+eKJXWVjKXM4ck2QobLqTDytGJbLLhJg=
golang.org/x/sys v0.0.0-20191024172528-b4ff53e7a1cb h1:ZxSglHghKPYD8WDeRUzRJrUJtDF0PxsTUSxyqr9/5BI=
golang.org/x/sys v0.0.0-20191024172528-b4ff53e7a1cb/go.mod h1:h1NjWce9XRLGQEsW7wpKNCjG9DtNlClVuFLEZdDNbEs=
